// !$*UTF8*$!
{
	archiveVersion = 1;
	classes = {
	};
	objectVersion = 50;
	objects = {

/* Begin PBXBuildFile section */
		96C9A888219E2DAE00AB4A36 /* AppDelegate.swift in Sources */ = {isa = PBXBuildFile; fileRef = 96C9A887219E2DAE00AB4A36 /* AppDelegate.swift */; };
		96C9A88A219E2DAE00AB4A36 /* ViewController.swift in Sources */ = {isa = PBXBuildFile; fileRef = 96C9A889219E2DAE00AB4A36 /* ViewController.swift */; };
		96C9A88F219E2DAE00AB4A36 /* Assets.xcassets in Resources */ = {isa = PBXBuildFile; fileRef = 96C9A88E219E2DAE00AB4A36 /* Assets.xcassets */; };
		96C9A892219E2DAE00AB4A36 /* LaunchScreen.storyboard in Resources */ = {isa = PBXBuildFile; fileRef = 96C9A890219E2DAE00AB4A36 /* LaunchScreen.storyboard */; };
		96C9A89D219E2DAF00AB4A36 /* MoyoonTests.swift in Sources */ = {isa = PBXBuildFile; fileRef = 96C9A89C219E2DAF00AB4A36 /* MoyoonTests.swift */; };
		96C9A8A8219E2DAF00AB4A36 /* MoyoonUITests.swift in Sources */ = {isa = PBXBuildFile; fileRef = 96C9A8A7219E2DAF00AB4A36 /* MoyoonUITests.swift */; };
		A106AD9521A1B50E00DD1EB8 /* Main.storyboard in Sources */ = {isa = PBXBuildFile; fileRef = 96C9A88B219E2DAE00AB4A36 /* Main.storyboard */; };
		A106AD9721A1B5D300DD1EB8 /* SignInVC.swift in Sources */ = {isa = PBXBuildFile; fileRef = A106AD9621A1B5D300DD1EB8 /* SignInVC.swift */; };
		A15EBB3121A1F17C00B68700 /* ReadyVC.swift in Sources */ = {isa = PBXBuildFile; fileRef = A15EBB3021A1F17C00B68700 /* ReadyVC.swift */; };
/* End PBXBuildFile section */

/* Begin PBXContainerItemProxy section */
		96C9A899219E2DAF00AB4A36 /* PBXContainerItemProxy */ = {
			isa = PBXContainerItemProxy;
			containerPortal = 96C9A87C219E2DAE00AB4A36 /* Project object */;
			proxyType = 1;
			remoteGlobalIDString = 96C9A883219E2DAE00AB4A36;
			remoteInfo = Moyoon;
		};
		96C9A8A4219E2DAF00AB4A36 /* PBXContainerItemProxy */ = {
			isa = PBXContainerItemProxy;
			containerPortal = 96C9A87C219E2DAE00AB4A36 /* Project object */;
			proxyType = 1;
			remoteGlobalIDString = 96C9A883219E2DAE00AB4A36;
			remoteInfo = Moyoon;
		};
/* End PBXContainerItemProxy section */

/* Begin PBXFileReference section */
		96C9A884219E2DAE00AB4A36 /* Moyoon.app */ = {isa = PBXFileReference; explicitFileType = wrapper.application; includeInIndex = 0; path = Moyoon.app; sourceTree = BUILT_PRODUCTS_DIR; };
		96C9A887219E2DAE00AB4A36 /* AppDelegate.swift */ = {isa = PBXFileReference; lastKnownFileType = sourcecode.swift; path = AppDelegate.swift; sourceTree = "<group>"; };
		96C9A889219E2DAE00AB4A36 /* ViewController.swift */ = {isa = PBXFileReference; lastKnownFileType = sourcecode.swift; path = ViewController.swift; sourceTree = "<group>"; };
		96C9A88C219E2DAE00AB4A36 /* Base */ = {isa = PBXFileReference; lastKnownFileType = file.storyboard; name = Base; path = Base.lproj/Main.storyboard; sourceTree = "<group>"; };
		96C9A88E219E2DAE00AB4A36 /* Assets.xcassets */ = {isa = PBXFileReference; lastKnownFileType = folder.assetcatalog; path = Assets.xcassets; sourceTree = "<group>"; };
		96C9A891219E2DAE00AB4A36 /* Base */ = {isa = PBXFileReference; lastKnownFileType = file.storyboard; name = Base; path = Base.lproj/LaunchScreen.storyboard; sourceTree = "<group>"; };
		96C9A898219E2DAF00AB4A36 /* MoyoonTests.xctest */ = {isa = PBXFileReference; explicitFileType = wrapper.cfbundle; includeInIndex = 0; path = MoyoonTests.xctest; sourceTree = BUILT_PRODUCTS_DIR; };
		96C9A89C219E2DAF00AB4A36 /* MoyoonTests.swift */ = {isa = PBXFileReference; lastKnownFileType = sourcecode.swift; path = MoyoonTests.swift; sourceTree = "<group>"; };
		96C9A8A3219E2DAF00AB4A36 /* MoyoonUITests.xctest */ = {isa = PBXFileReference; explicitFileType = wrapper.cfbundle; includeInIndex = 0; path = MoyoonUITests.xctest; sourceTree = BUILT_PRODUCTS_DIR; };
		96C9A8A7219E2DAF00AB4A36 /* MoyoonUITests.swift */ = {isa = PBXFileReference; lastKnownFileType = sourcecode.swift; path = MoyoonUITests.swift; sourceTree = "<group>"; };
		A106AD9621A1B5D300DD1EB8 /* SignInVC.swift */ = {isa = PBXFileReference; lastKnownFileType = sourcecode.swift; path = SignInVC.swift; sourceTree = "<group>"; };
		A15EBB3021A1F17C00B68700 /* ReadyVC.swift */ = {isa = PBXFileReference; lastKnownFileType = sourcecode.swift; path = ReadyVC.swift; sourceTree = "<group>"; };
/* End PBXFileReference section */

/* Begin PBXFrameworksBuildPhase section */
		96C9A881219E2DAE00AB4A36 /* Frameworks */ = {
			isa = PBXFrameworksBuildPhase;
			buildActionMask = 2147483647;
			files = (
			);
			runOnlyForDeploymentPostprocessing = 0;
		};
		96C9A895219E2DAF00AB4A36 /* Frameworks */ = {
			isa = PBXFrameworksBuildPhase;
			buildActionMask = 2147483647;
			files = (
			);
			runOnlyForDeploymentPostprocessing = 0;
		};
		96C9A8A0219E2DAF00AB4A36 /* Frameworks */ = {
			isa = PBXFrameworksBuildPhase;
			buildActionMask = 2147483647;
			files = (
			);
			runOnlyForDeploymentPostprocessing = 0;
		};
/* End PBXFrameworksBuildPhase section */

/* Begin PBXGroup section */
		96C9A87B219E2DAE00AB4A36 = {
			isa = PBXGroup;
			children = (
				96C9A886219E2DAE00AB4A36 /* Moyoon */,
				96C9A89B219E2DAF00AB4A36 /* MoyoonTests */,
				96C9A8A6219E2DAF00AB4A36 /* MoyoonUITests */,
				96C9A885219E2DAE00AB4A36 /* Products */,
			);
			sourceTree = "<group>";
		};
		96C9A885219E2DAE00AB4A36 /* Products */ = {
			isa = PBXGroup;
			children = (
				96C9A884219E2DAE00AB4A36 /* Moyoon.app */,
				96C9A898219E2DAF00AB4A36 /* MoyoonTests.xctest */,
				96C9A8A3219E2DAF00AB4A36 /* MoyoonUITests.xctest */,
			);
			name = Products;
			sourceTree = "<group>";
		};
		96C9A886219E2DAE00AB4A36 /* Moyoon */ = {
			isa = PBXGroup;
			children = (
				96C9A887219E2DAE00AB4A36 /* AppDelegate.swift */,
				96C9A889219E2DAE00AB4A36 /* ViewController.swift */,
				96C9A88B219E2DAE00AB4A36 /* Main.storyboard */,
				A15EBB3021A1F17C00B68700 /* ReadyVC.swift */,
				96C9A88E219E2DAE00AB4A36 /* Assets.xcassets */,
				96C9A890219E2DAE00AB4A36 /* LaunchScreen.storyboard */,
				A106AD9621A1B5D300DD1EB8 /* SignInVC.swift */,
			);
			path = Moyoon;
			sourceTree = "<group>";
		};
		96C9A89B219E2DAF00AB4A36 /* MoyoonTests */ = {
			isa = PBXGroup;
			children = (
				96C9A89C219E2DAF00AB4A36 /* MoyoonTests.swift */,
			);
			path = MoyoonTests;
			sourceTree = "<group>";
		};
		96C9A8A6219E2DAF00AB4A36 /* MoyoonUITests */ = {
			isa = PBXGroup;
			children = (
				96C9A8A7219E2DAF00AB4A36 /* MoyoonUITests.swift */,
			);
			path = MoyoonUITests;
			sourceTree = "<group>";
		};
/* End PBXGroup section */

/* Begin PBXNativeTarget section */
		96C9A883219E2DAE00AB4A36 /* Moyoon */ = {
			isa = PBXNativeTarget;
			buildConfigurationList = 96C9A8AC219E2DAF00AB4A36 /* Build configuration list for PBXNativeTarget "Moyoon" */;
			buildPhases = (
				96C9A880219E2DAE00AB4A36 /* Sources */,
				96C9A881219E2DAE00AB4A36 /* Frameworks */,
				96C9A882219E2DAE00AB4A36 /* Resources */,
			);
			buildRules = (
			);
			dependencies = (
			);
			name = Moyoon;
			productName = Moyoon;
			productReference = 96C9A884219E2DAE00AB4A36 /* Moyoon.app */;
			productType = "com.apple.product-type.application";
		};
		96C9A897219E2DAF00AB4A36 /* MoyoonTests */ = {
			isa = PBXNativeTarget;
			buildConfigurationList = 96C9A8AF219E2DAF00AB4A36 /* Build configuration list for PBXNativeTarget "MoyoonTests" */;
			buildPhases = (
				96C9A894219E2DAF00AB4A36 /* Sources */,
				96C9A895219E2DAF00AB4A36 /* Frameworks */,
				96C9A896219E2DAF00AB4A36 /* Resources */,
			);
			buildRules = (
			);
			dependencies = (
				96C9A89A219E2DAF00AB4A36 /* PBXTargetDependency */,
			);
			name = MoyoonTests;
			productName = MoyoonTests;
			productReference = 96C9A898219E2DAF00AB4A36 /* MoyoonTests.xctest */;
			productType = "com.apple.product-type.bundle.unit-test";
		};
		96C9A8A2219E2DAF00AB4A36 /* MoyoonUITests */ = {
			isa = PBXNativeTarget;
			buildConfigurationList = 96C9A8B2219E2DAF00AB4A36 /* Build configuration list for PBXNativeTarget "MoyoonUITests" */;
			buildPhases = (
				96C9A89F219E2DAF00AB4A36 /* Sources */,
				96C9A8A0219E2DAF00AB4A36 /* Frameworks */,
				96C9A8A1219E2DAF00AB4A36 /* Resources */,
			);
			buildRules = (
			);
			dependencies = (
				96C9A8A5219E2DAF00AB4A36 /* PBXTargetDependency */,
			);
			name = MoyoonUITests;
			productName = MoyoonUITests;
			productReference = 96C9A8A3219E2DAF00AB4A36 /* MoyoonUITests.xctest */;
			productType = "com.apple.product-type.bundle.ui-testing";
		};
/* End PBXNativeTarget section */

/* Begin PBXProject section */
		96C9A87C219E2DAE00AB4A36 /* Project object */ = {
			isa = PBXProject;
			attributes = {
				LastSwiftUpdateCheck = 0940;
				LastUpgradeCheck = 0940;
				ORGANIZATIONNAME = "KFUPM-SWE417";
				TargetAttributes = {
					96C9A883219E2DAE00AB4A36 = {
						CreatedOnToolsVersion = 9.4.1;
					};
					96C9A897219E2DAF00AB4A36 = {
						CreatedOnToolsVersion = 9.4.1;
						TestTargetID = 96C9A883219E2DAE00AB4A36;
					};
					96C9A8A2219E2DAF00AB4A36 = {
						CreatedOnToolsVersion = 9.4.1;
						TestTargetID = 96C9A883219E2DAE00AB4A36;
					};
				};
			};
			buildConfigurationList = 96C9A87F219E2DAE00AB4A36 /* Build configuration list for PBXProject "Moyoon" */;
			compatibilityVersion = "Xcode 9.3";
			developmentRegion = en;
			hasScannedForEncodings = 0;
			knownRegions = (
				en,
				Base,
			);
			mainGroup = 96C9A87B219E2DAE00AB4A36;
			productRefGroup = 96C9A885219E2DAE00AB4A36 /* Products */;
			projectDirPath = "";
			projectRoot = "";
			targets = (
				96C9A883219E2DAE00AB4A36 /* Moyoon */,
				96C9A897219E2DAF00AB4A36 /* MoyoonTests */,
				96C9A8A2219E2DAF00AB4A36 /* MoyoonUITests */,
			);
		};
/* End PBXProject section */

/* Begin PBXResourcesBuildPhase section */
		96C9A882219E2DAE00AB4A36 /* Resources */ = {
			isa = PBXResourcesBuildPhase;
			buildActionMask = 2147483647;
			files = (
				96C9A892219E2DAE00AB4A36 /* LaunchScreen.storyboard in Resources */,
				96C9A88F219E2DAE00AB4A36 /* Assets.xcassets in Resources */,
			);
			runOnlyForDeploymentPostprocessing = 0;
		};
		96C9A896219E2DAF00AB4A36 /* Resources */ = {
			isa = PBXResourcesBuildPhase;
			buildActionMask = 2147483647;
			files = (
			);
			runOnlyForDeploymentPostprocessing = 0;
		};
		96C9A8A1219E2DAF00AB4A36 /* Resources */ = {
			isa = PBXResourcesBuildPhase;
			buildActionMask = 2147483647;
			files = (
			);
			runOnlyForDeploymentPostprocessing = 0;
		};
/* End PBXResourcesBuildPhase section */

/* Begin PBXSourcesBuildPhase section */
		96C9A880219E2DAE00AB4A36 /* Sources */ = {
			isa = PBXSourcesBuildPhase;
			buildActionMask = 2147483647;
			files = (
				96C9A88A219E2DAE00AB4A36 /* ViewController.swift in Sources */,
				96C9A888219E2DAE00AB4A36 /* AppDelegate.swift in Sources */,
				A106AD9721A1B5D300DD1EB8 /* SignInVC.swift in Sources */,
				A15EBB3121A1F17C00B68700 /* ReadyVC.swift in Sources */,
				A106AD9521A1B50E00DD1EB8 /* Main.storyboard in Sources */,
			);
			runOnlyForDeploymentPostprocessing = 0;
		};
		96C9A894219E2DAF00AB4A36 /* Sources */ = {
			isa = PBXSourcesBuildPhase;
			buildActionMask = 2147483647;
			files = (
				96C9A89D219E2DAF00AB4A36 /* MoyoonTests.swift in Sources */,
			);
			runOnlyForDeploymentPostprocessing = 0;
		};
		96C9A89F219E2DAF00AB4A36 /* Sources */ = {
			isa = PBXSourcesBuildPhase;
			buildActionMask = 2147483647;
			files = (
				96C9A8A8219E2DAF00AB4A36 /* MoyoonUITests.swift in Sources */,
			);
			runOnlyForDeploymentPostprocessing = 0;
		};
/* End PBXSourcesBuildPhase section */

/* Begin PBXTargetDependency section */
		96C9A89A219E2DAF00AB4A36 /* PBXTargetDependency */ = {
			isa = PBXTargetDependency;
			target = 96C9A883219E2DAE00AB4A36 /* Moyoon */;
			targetProxy = 96C9A899219E2DAF00AB4A36 /* PBXContainerItemProxy */;
		};
		96C9A8A5219E2DAF00AB4A36 /* PBXTargetDependency */ = {
			isa = PBXTargetDependency;
			target = 96C9A883219E2DAE00AB4A36 /* Moyoon */;
			targetProxy = 96C9A8A4219E2DAF00AB4A36 /* PBXContainerItemProxy */;
		};
/* End PBXTargetDependency section */

/* Begin PBXVariantGroup section */
		96C9A88B219E2DAE00AB4A36 /* Main.storyboard */ = {
			isa = PBXVariantGroup;
			children = (
				96C9A88C219E2DAE00AB4A36 /* Base */,
			);
			name = Main.storyboard;
			sourceTree = "<group>";
		};
		96C9A890219E2DAE00AB4A36 /* LaunchScreen.storyboard */ = {
			isa = PBXVariantGroup;
			children = (
				96C9A891219E2DAE00AB4A36 /* Base */,
			);
			name = LaunchScreen.storyboard;
			sourceTree = "<group>";
		};
/* End PBXVariantGroup section */

/* Begin XCBuildConfiguration section */
		96C9A8AA219E2DAF00AB4A36 /* Debug */ = {
			isa = XCBuildConfiguration;
			buildSettings = {
				ALWAYS_SEARCH_USER_PATHS = NO;
				CLANG_ANALYZER_NONNULL = YES;
				CLANG_ANALYZER_NUMBER_OBJECT_CONVERSION = YES_AGGRESSIVE;
				CLANG_CXX_LANGUAGE_STANDARD = "gnu++14";
				CLANG_CXX_LIBRARY = "libc++";
				CLANG_ENABLE_MODULES = YES;
				CLANG_ENABLE_OBJC_ARC = YES;
				CLANG_ENABLE_OBJC_WEAK = YES;
				CLANG_WARN_BLOCK_CAPTURE_AUTORELEASING = YES;
				CLANG_WARN_BOOL_CONVERSION = YES;
				CLANG_WARN_COMMA = YES;
				CLANG_WARN_CONSTANT_CONVERSION = YES;
				CLANG_WARN_DEPRECATED_OBJC_IMPLEMENTATIONS = YES;
				CLANG_WARN_DIRECT_OBJC_ISA_USAGE = YES_ERROR;
				CLANG_WARN_DOCUMENTATION_COMMENTS = YES;
				CLANG_WARN_EMPTY_BODY = YES;
				CLANG_WARN_ENUM_CONVERSION = YES;
				CLANG_WARN_INFINITE_RECURSION = YES;
				CLANG_WARN_INT_CONVERSION = YES;
				CLANG_WARN_NON_LITERAL_NULL_CONVERSION = YES;
				CLANG_WARN_OBJC_IMPLICIT_RETAIN_SELF = YES;
				CLANG_WARN_OBJC_LITERAL_CONVERSION = YES;
				CLANG_WARN_OBJC_ROOT_CLASS = YES_ERROR;
				CLANG_WARN_RANGE_LOOP_ANALYSIS = YES;
				CLANG_WARN_STRICT_PROTOTYPES = YES;
				CLANG_WARN_SUSPICIOUS_MOVE = YES;
				CLANG_WARN_UNGUARDED_AVAILABILITY = YES_AGGRESSIVE;
				CLANG_WARN_UNREACHABLE_CODE = YES;
				CLANG_WARN__DUPLICATE_METHOD_MATCH = YES;
				CODE_SIGN_IDENTITY = "iPhone Developer";
				COPY_PHASE_STRIP = NO;
				DEBUG_INFORMATION_FORMAT = dwarf;
				ENABLE_STRICT_OBJC_MSGSEND = YES;
				ENABLE_TESTABILITY = YES;
				GCC_C_LANGUAGE_STANDARD = gnu11;
				GCC_DYNAMIC_NO_PIC = NO;
				GCC_NO_COMMON_BLOCKS = YES;
				GCC_OPTIMIZATION_LEVEL = 0;
				GCC_PREPROCESSOR_DEFINITIONS = (
					"DEBUG=1",
					"$(inherited)",
				);
				GCC_WARN_64_TO_32_BIT_CONVERSION = YES;
				GCC_WARN_ABOUT_RETURN_TYPE = YES_ERROR;
				GCC_WARN_UNDECLARED_SELECTOR = YES;
				GCC_WARN_UNINITIALIZED_AUTOS = YES_AGGRESSIVE;
				GCC_WARN_UNUSED_FUNCTION = YES;
				GCC_WARN_UNUSED_VARIABLE = YES;
				IPHONEOS_DEPLOYMENT_TARGET = 11.4;
				MTL_ENABLE_DEBUG_INFO = YES;
				ONLY_ACTIVE_ARCH = YES;
				SDKROOT = iphoneos;
				SWIFT_ACTIVE_COMPILATION_CONDITIONS = DEBUG;
				SWIFT_OPTIMIZATION_LEVEL = "-Onone";
			};
			name = Debug;
		};
		96C9A8AB219E2DAF00AB4A36 /* Release */ = {
			isa = XCBuildConfiguration;
			buildSettings = {
				ALWAYS_SEARCH_USER_PATHS = NO;
				CLANG_ANALYZER_NONNULL = YES;
				CLANG_ANALYZER_NUMBER_OBJECT_CONVERSION = YES_AGGRESSIVE;
				CLANG_CXX_LANGUAGE_STANDARD = "gnu++14";
				CLANG_CXX_LIBRARY = "libc++";
				CLANG_ENABLE_MODULES = YES;
				CLANG_ENABLE_OBJC_ARC = YES;
				CLANG_ENABLE_OBJC_WEAK = YES;
				CLANG_WARN_BLOCK_CAPTURE_AUTORELEASING = YES;
				CLANG_WARN_BOOL_CONVERSION = YES;
				CLANG_WARN_COMMA = YES;
				CLANG_WARN_CONSTANT_CONVERSION = YES;
				CLANG_WARN_DEPRECATED_OBJC_IMPLEMENTATIONS = YES;
				CLANG_WARN_DIRECT_OBJC_ISA_USAGE = YES_ERROR;
				CLANG_WARN_DOCUMENTATION_COMMENTS = YES;
				CLANG_WARN_EMPTY_BODY = YES;
				CLANG_WARN_ENUM_CONVERSION = YES;
				CLANG_WARN_INFINITE_RECURSION = YES;
				CLANG_WARN_INT_CONVERSION = YES;
				CLANG_WARN_NON_LITERAL_NULL_CONVERSION = YES;
				CLANG_WARN_OBJC_IMPLICIT_RETAIN_SELF = YES;
				CLANG_WARN_OBJC_LITERAL_CONVERSION = YES;
				CLANG_WARN_OBJC_ROOT_CLASS = YES_ERROR;
				CLANG_WARN_RANGE_LOOP_ANALYSIS = YES;
				CLANG_WARN_STRICT_PROTOTYPES = YES;
				CLANG_WARN_SUSPICIOUS_MOVE = YES;
				CLANG_WARN_UNGUARDED_AVAILABILITY = YES_AGGRESSIVE;
				CLANG_WARN_UNREACHABLE_CODE = YES;
				CLANG_WARN__DUPLICATE_METHOD_MATCH = YES;
				CODE_SIGN_IDENTITY = "iPhone Developer";
				COPY_PHASE_STRIP = NO;
				DEBUG_INFORMATION_FORMAT = "dwarf-with-dsym";
				ENABLE_NS_ASSERTIONS = NO;
				ENABLE_STRICT_OBJC_MSGSEND = YES;
				GCC_C_LANGUAGE_STANDARD = gnu11;
				GCC_NO_COMMON_BLOCKS = YES;
				GCC_WARN_64_TO_32_BIT_CONVERSION = YES;
				GCC_WARN_ABOUT_RETURN_TYPE = YES_ERROR;
				GCC_WARN_UNDECLARED_SELECTOR = YES;
				GCC_WARN_UNINITIALIZED_AUTOS = YES_AGGRESSIVE;
				GCC_WARN_UNUSED_FUNCTION = YES;
				GCC_WARN_UNUSED_VARIABLE = YES;
				IPHONEOS_DEPLOYMENT_TARGET = 11.4;
				MTL_ENABLE_DEBUG_INFO = NO;
				SDKROOT = iphoneos;
				SWIFT_COMPILATION_MODE = wholemodule;
				SWIFT_OPTIMIZATION_LEVEL = "-O";
				VALIDATE_PRODUCT = YES;
			};
			name = Release;
		};
		96C9A8AD219E2DAF00AB4A36 /* Debug */ = {
			isa = XCBuildConfiguration;
			buildSettings = {
				ASSETCATALOG_COMPILER_APPICON_NAME = AppIcon;
				CODE_SIGN_STYLE = Automatic;
				DEVELOPMENT_TEAM = ACL6D84ZYG;
				INFOPLIST_FILE = Moyoon/Info.plist;
				LD_RUNPATH_SEARCH_PATHS = (
					"$(inherited)",
					"@executable_path/Frameworks",
				);
				PRODUCT_BUNDLE_IDENTIFIER = "KFUPM-SWE417.Moyoon";
				PRODUCT_NAME = "$(TARGET_NAME)";
				SWIFT_VERSION = 4.0;
				TARGETED_DEVICE_FAMILY = "1,2";
			};
			name = Debug;
		};
		96C9A8AE219E2DAF00AB4A36 /* Release */ = {
			isa = XCBuildConfiguration;
			buildSettings = {
				ASSETCATALOG_COMPILER_APPICON_NAME = AppIcon;
				CODE_SIGN_STYLE = Automatic;
				DEVELOPMENT_TEAM = ACL6D84ZYG;
				INFOPLIST_FILE = Moyoon/Info.plist;
				LD_RUNPATH_SEARCH_PATHS = (
					"$(inherited)",
					"@executable_path/Frameworks",
				);
				PRODUCT_BUNDLE_IDENTIFIER = "KFUPM-SWE417.Moyoon";
				PRODUCT_NAME = "$(TARGET_NAME)";
				SWIFT_VERSION = 4.0;
				TARGETED_DEVICE_FAMILY = "1,2";
			};
			name = Release;
		};
		96C9A8B0219E2DAF00AB4A36 /* Debug */ = {
			isa = XCBuildConfiguration;
			buildSettings = {
				ALWAYS_EMBED_SWIFT_STANDARD_LIBRARIES = YES;
				BUNDLE_LOADER = "$(TEST_HOST)";
				CODE_SIGN_STYLE = Automatic;
				DEVELOPMENT_TEAM = ACL6D84ZYG;
				INFOPLIST_FILE = MoyoonTests/Info.plist;
				LD_RUNPATH_SEARCH_PATHS = (
					"$(inherited)",
					"@executable_path/Frameworks",
					"@loader_path/Frameworks",
				);
				PRODUCT_BUNDLE_IDENTIFIER = "KFUPM-SWE417.MoyoonTests";
				PRODUCT_NAME = "$(TARGET_NAME)";
				SWIFT_VERSION = 4.0;
				TARGETED_DEVICE_FAMILY = "1,2";
				TEST_HOST = "$(BUILT_PRODUCTS_DIR)/Moyoon.app/Moyoon";
			};
			name = Debug;
		};
		96C9A8B1219E2DAF00AB4A36 /* Release */ = {
			isa = XCBuildConfiguration;
			buildSettings = {
				ALWAYS_EMBED_SWIFT_STANDARD_LIBRARIES = YES;
				BUNDLE_LOADER = "$(TEST_HOST)";
				CODE_SIGN_STYLE = Automatic;
				DEVELOPMENT_TEAM = ACL6D84ZYG;
				INFOPLIST_FILE = MoyoonTests/Info.plist;
				LD_RUNPATH_SEARCH_PATHS = (
					"$(inherited)",
					"@executable_path/Frameworks",
					"@loader_path/Frameworks",
				);
				PRODUCT_BUNDLE_IDENTIFIER = "KFUPM-SWE417.MoyoonTests";
				PRODUCT_NAME = "$(TARGET_NAME)";
				SWIFT_VERSION = 4.0;
				TARGETED_DEVICE_FAMILY = "1,2";
				TEST_HOST = "$(BUILT_PRODUCTS_DIR)/Moyoon.app/Moyoon";
			};
			name = Release;
		};
		96C9A8B3219E2DAF00AB4A36 /* Debug */ = {
			isa = XCBuildConfiguration;
			buildSettings = {
				ALWAYS_EMBED_SWIFT_STANDARD_LIBRARIES = YES;
				CODE_SIGN_STYLE = Automatic;
				DEVELOPMENT_TEAM = ACL6D84ZYG;
				INFOPLIST_FILE = MoyoonUITests/Info.plist;
				LD_RUNPATH_SEARCH_PATHS = (
					"$(inherited)",
					"@executable_path/Frameworks",
					"@loader_path/Frameworks",
				);
				PRODUCT_BUNDLE_IDENTIFIER = "KFUPM-SWE417.MoyoonUITests";
				PRODUCT_NAME = "$(TARGET_NAME)";
				SWIFT_VERSION = 4.0;
				TARGETED_DEVICE_FAMILY = "1,2";
				TEST_TARGET_NAME = Moyoon;
			};
			name = Debug;
		};
		96C9A8B4219E2DAF00AB4A36 /* Release */ = {
			isa = XCBuildConfiguration;
			buildSettings = {
				ALWAYS_EMBED_SWIFT_STANDARD_LIBRARIES = YES;
				CODE_SIGN_STYLE = Automatic;
				DEVELOPMENT_TEAM = ACL6D84ZYG;
				INFOPLIST_FILE = MoyoonUITests/Info.plist;
				LD_RUNPATH_SEARCH_PATHS = (
					"$(inherited)",
					"@executable_path/Frameworks",
					"@loader_path/Frameworks",
				);
				PRODUCT_BUNDLE_IDENTIFIER = "KFUPM-SWE417.MoyoonUITests";
				PRODUCT_NAME = "$(TARGET_NAME)";
				SWIFT_VERSION = 4.0;
				TARGETED_DEVICE_FAMILY = "1,2";
				TEST_TARGET_NAME = Moyoon;
			};
			name = Release;
		};
/* End XCBuildConfiguration section */

/* Begin XCConfigurationList section */
		96C9A87F219E2DAE00AB4A36 /* Build configuration list for PBXProject "Moyoon" */ = {
			isa = XCConfigurationList;
			buildConfigurations = (
				96C9A8AA219E2DAF00AB4A36 /* Debug */,
				96C9A8AB219E2DAF00AB4A36 /* Release */,
			);
			defaultConfigurationIsVisible = 0;
			defaultConfigurationName = Release;
		};
		96C9A8AC219E2DAF00AB4A36 /* Build configuration list for PBXNativeTarget "Moyoon" */ = {
			isa = XCConfigurationList;
			buildConfigurations = (
				96C9A8AD219E2DAF00AB4A36 /* Debug */,
				96C9A8AE219E2DAF00AB4A36 /* Release */,
			);
			defaultConfigurationIsVisible = 0;
			defaultConfigurationName = Release;
		};
		96C9A8AF219E2DAF00AB4A36 /* Build configuration list for PBXNativeTarget "MoyoonTests" */ = {
			isa = XCConfigurationList;
			buildConfigurations = (
				96C9A8B0219E2DAF00AB4A36 /* Debug */,
				96C9A8B1219E2DAF00AB4A36 /* Release */,
			);
			defaultConfigurationIsVisible = 0;
			defaultConfigurationName = Release;
		};
		96C9A8B2219E2DAF00AB4A36 /* Build configuration list for PBXNativeTarget "MoyoonUITests" */ = {
			isa = XCConfigurationList;
			buildConfigurations = (
				96C9A8B3219E2DAF00AB4A36 /* Debug */,
				96C9A8B4219E2DAF00AB4A36 /* Release */,
			);
			defaultConfigurationIsVisible = 0;
			defaultConfigurationName = Release;
		};
/* End XCConfigurationList section */
	};
	rootObject = 96C9A87C219E2DAE00AB4A36 /* Project object */;
}
