// !$*UTF8*$!
{
	archiveVersion = 1;
	classes = {
	};
	objectVersion = 50;
	objects = {

/* Begin PBXBuildFile section */
		5695AB6A220467290029E86F /* Login.swift in Sources */ = {isa = PBXBuildFile; fileRef = 5695AB69220467290029E86F /* Login.swift */; };
		56D5A4EC223EACCF00AA085F /* User.swift in Sources */ = {isa = PBXBuildFile; fileRef = 56D5A4EB223EACCF00AA085F /* User.swift */; };
		56D5A4EE223EBAE700AA085F /* Score.swift in Sources */ = {isa = PBXBuildFile; fileRef = 56D5A4ED223EBAE700AA085F /* Score.swift */; };
		56D5AE69223BCA3F0072397C /* TabVC.swift in Sources */ = {isa = PBXBuildFile; fileRef = 56D5AE68223BCA3F0072397C /* TabVC.swift */; };
		56D5AE6B223BD1160072397C /* Profile.swift in Sources */ = {isa = PBXBuildFile; fileRef = 56D5AE6A223BD1160072397C /* Profile.swift */; };
		7477E4FDEF7C262F90BA03C0 /* Pods_Moyoon.framework in Frameworks */ = {isa = PBXBuildFile; fileRef = 3EF0D320B3C4528422236BC9 /* Pods_Moyoon.framework */; };
		961ACCD521B1B44A005E252E /* AppDelegate.swift in Sources */ = {isa = PBXBuildFile; fileRef = 961ACCD421B1B44A005E252E /* AppDelegate.swift */; };
		961ACCD721B1B44A005E252E /* ViewController.swift in Sources */ = {isa = PBXBuildFile; fileRef = 961ACCD621B1B44A005E252E /* ViewController.swift */; };
		961ACCDA21B1B44A005E252E /* Main.storyboard in Resources */ = {isa = PBXBuildFile; fileRef = 961ACCD821B1B44A005E252E /* Main.storyboard */; };
		961ACCDC21B1B44B005E252E /* Assets.xcassets in Resources */ = {isa = PBXBuildFile; fileRef = 961ACCDB21B1B44B005E252E /* Assets.xcassets */; };
		961ACCDF21B1B44B005E252E /* LaunchScreen.storyboard in Resources */ = {isa = PBXBuildFile; fileRef = 961ACCDD21B1B44B005E252E /* LaunchScreen.storyboard */; };
		961ACCEA21B1B44B005E252E /* MoyoonTests.swift in Sources */ = {isa = PBXBuildFile; fileRef = 961ACCE921B1B44B005E252E /* MoyoonTests.swift */; };
		961ACCF521B1B44B005E252E /* MoyoonUITests.swift in Sources */ = {isa = PBXBuildFile; fileRef = 961ACCF421B1B44B005E252E /* MoyoonUITests.swift */; };
		9643548A21B5C9FD00619CCB /* ItemCell.swift in Sources */ = {isa = PBXBuildFile; fileRef = 9643548921B5C9FD00619CCB /* ItemCell.swift */; };
		9643548C21B5CA0400619CCB /* ItemCell.xib in Resources */ = {isa = PBXBuildFile; fileRef = 9643548B21B5CA0400619CCB /* ItemCell.xib */; };
		9669A17321B440D0000513D4 /* GlobalVariables.swift in Sources */ = {isa = PBXBuildFile; fileRef = 9669A17221B440D0000513D4 /* GlobalVariables.swift */; };
		96C4921F21B1A5E6008DB0B9 /* GoogleService-Info.plist in Resources */ = {isa = PBXBuildFile; fileRef = 96C4921E21B1A5E6008DB0B9 /* GoogleService-Info.plist */; };
		A11A0F50220DAC4300EF8CF5 /* Rectangle-submit.png in Resources */ = {isa = PBXBuildFile; fileRef = A11A0F4F220DAC4300EF8CF5 /* Rectangle-submit.png */; };
		A1569C9F21B4A1430023D595 /* Lobby.swift in Sources */ = {isa = PBXBuildFile; fileRef = A1569C9E21B4A1430023D595 /* Lobby.swift */; };
		A16AFFD421B18D4000B5255A /* Homepage.swift in Sources */ = {isa = PBXBuildFile; fileRef = A16AFFD321B18D4000B5255A /* Homepage.swift */; };
		A16AFFD621B18F0400B5255A /* WriteAnswer.swift in Sources */ = {isa = PBXBuildFile; fileRef = A16AFFD521B18F0400B5255A /* WriteAnswer.swift */; };
		A16AFFD821B1901B00B5255A /* ChooseAnswer.swift in Sources */ = {isa = PBXBuildFile; fileRef = A16AFFD721B1901B00B5255A /* ChooseAnswer.swift */; };
		A19AFA862210FA1500DE301C /* Rectangle-JoinRandom.png in Resources */ = {isa = PBXBuildFile; fileRef = A19AFA852210FA1500DE301C /* Rectangle-JoinRandom.png */; };
		A19FDB052255CE0700526E19 /* Rectangle-Home.png in Resources */ = {isa = PBXBuildFile; fileRef = A19FDB032255CE0600526E19 /* Rectangle-Home.png */; };
		A19FDB062255CE0700526E19 /* Rectangle-Leave.png in Resources */ = {isa = PBXBuildFile; fileRef = A19FDB042255CE0700526E19 /* Rectangle-Leave.png */; };
		A1AA922B2251CB2F00A1B7BC /* Rectangle-Join-Random.png in Resources */ = {isa = PBXBuildFile; fileRef = A1AA922A2251CB2F00A1B7BC /* Rectangle-Join-Random.png */; };
		A1AA922D2251CD5F00A1B7BC /* Rectangle-Signout.png in Resources */ = {isa = PBXBuildFile; fileRef = A1AA922C2251CD5F00A1B7BC /* Rectangle-Signout.png */; };
		A1C61EC7220DBEA2007A69B8 /* Rectangle-Join.png in Resources */ = {isa = PBXBuildFile; fileRef = A1C61EC6220DBEA2007A69B8 /* Rectangle-Join.png */; };
		A1C61EC9220DBF43007A69B8 /* Rectangle-Login2.png in Resources */ = {isa = PBXBuildFile; fileRef = A1C61EC8220DBF43007A69B8 /* Rectangle-Login2.png */; };
		A1D66F0622088FD3004045E0 /* MoyoonLogo.png in Resources */ = {isa = PBXBuildFile; fileRef = A1D66F0522088FD2004045E0 /* MoyoonLogo.png */; };
		A1DBDEE4225A955A008FFBA5 /* Log-in.png in Resources */ = {isa = PBXBuildFile; fileRef = A1DBDEE3225A955A008FFBA5 /* Log-in.png */; };
		A1DBDEE8225A9653008FFBA5 /* JOIN.png in Resources */ = {isa = PBXBuildFile; fileRef = A1DBDEE5225A9652008FFBA5 /* JOIN.png */; };
		A1DBDEE9225A9653008FFBA5 /* SIGN-OUT.png in Resources */ = {isa = PBXBuildFile; fileRef = A1DBDEE6225A9653008FFBA5 /* SIGN-OUT.png */; };
		A1DBDEEA225A9653008FFBA5 /* FIND-GAME.png in Resources */ = {isa = PBXBuildFile; fileRef = A1DBDEE7225A9653008FFBA5 /* FIND-GAME.png */; };
		A1DBDEF0225AA2F7008FFBA5 /* WHITE_LOGO.png in Resources */ = {isa = PBXBuildFile; fileRef = A1DBDEEF225AA2F7008FFBA5 /* WHITE_LOGO.png */; };
		A1DBDEF4225AC340008FFBA5 /* HOME.png in Resources */ = {isa = PBXBuildFile; fileRef = A1DBDEF1225AC33F008FFBA5 /* HOME.png */; };
		A1DBDEF5225AC340008FFBA5 /* LEAVE.png in Resources */ = {isa = PBXBuildFile; fileRef = A1DBDEF2225AC340008FFBA5 /* LEAVE.png */; };
		A1DBDEF6225AC340008FFBA5 /* SUBMIT.png in Resources */ = {isa = PBXBuildFile; fileRef = A1DBDEF3225AC340008FFBA5 /* SUBMIT.png */; };
		A1E91F8E21B1AB8E008AB3B3 /* Question.swift in Sources */ = {isa = PBXBuildFile; fileRef = A1E91F8D21B1AB8E008AB3B3 /* Question.swift */; };
		D1E5EFAFDA48E4A4F058F3F9 /* Pods_MoyoonUITests.framework in Frameworks */ = {isa = PBXBuildFile; fileRef = 4BAD104A8452C57960A2295E /* Pods_MoyoonUITests.framework */; };
		EB423B7210ED8D53BB0CC768 /* Pods_MoyoonTests.framework in Frameworks */ = {isa = PBXBuildFile; fileRef = B9F6E09395408E6E653757E7 /* Pods_MoyoonTests.framework */; };
/* End PBXBuildFile section */

/* Begin PBXContainerItemProxy section */
		961ACCE621B1B44B005E252E /* PBXContainerItemProxy */ = {
			isa = PBXContainerItemProxy;
			containerPortal = 961ACCC921B1B44A005E252E /* Project object */;
			proxyType = 1;
			remoteGlobalIDString = 961ACCD021B1B44A005E252E;
			remoteInfo = Moyoon;
		};
		961ACCF121B1B44B005E252E /* PBXContainerItemProxy */ = {
			isa = PBXContainerItemProxy;
			containerPortal = 961ACCC921B1B44A005E252E /* Project object */;
			proxyType = 1;
			remoteGlobalIDString = 961ACCD021B1B44A005E252E;
			remoteInfo = Moyoon;
		};
/* End PBXContainerItemProxy section */

/* Begin PBXFileReference section */
		10FE856DF1E37CF3A5B8B4F0 /* Pods-Moyoon.release.xcconfig */ = {isa = PBXFileReference; includeInIndex = 1; lastKnownFileType = text.xcconfig; name = "Pods-Moyoon.release.xcconfig"; path = "Pods/Target Support Files/Pods-Moyoon/Pods-Moyoon.release.xcconfig"; sourceTree = "<group>"; };
		3EF0D320B3C4528422236BC9 /* Pods_Moyoon.framework */ = {isa = PBXFileReference; explicitFileType = wrapper.framework; includeInIndex = 0; path = Pods_Moyoon.framework; sourceTree = BUILT_PRODUCTS_DIR; };
		4BAD104A8452C57960A2295E /* Pods_MoyoonUITests.framework */ = {isa = PBXFileReference; explicitFileType = wrapper.framework; includeInIndex = 0; path = Pods_MoyoonUITests.framework; sourceTree = BUILT_PRODUCTS_DIR; };
		56545E94220CFCD000F3A281 /* Moyoon.entitlements */ = {isa = PBXFileReference; lastKnownFileType = text.plist.entitlements; path = Moyoon.entitlements; sourceTree = "<group>"; };
		5695AB69220467290029E86F /* Login.swift */ = {isa = PBXFileReference; lastKnownFileType = sourcecode.swift; path = Login.swift; sourceTree = "<group>"; };
		56B7E7B3D97CFEEBC1F0B578 /* Pods-MoyoonUITests.debug.xcconfig */ = {isa = PBXFileReference; includeInIndex = 1; lastKnownFileType = text.xcconfig; name = "Pods-MoyoonUITests.debug.xcconfig"; path = "Pods/Target Support Files/Pods-MoyoonUITests/Pods-MoyoonUITests.debug.xcconfig"; sourceTree = "<group>"; };
		56D5A4EB223EACCF00AA085F /* User.swift */ = {isa = PBXFileReference; lastKnownFileType = sourcecode.swift; path = User.swift; sourceTree = "<group>"; };
		56D5A4ED223EBAE700AA085F /* Score.swift */ = {isa = PBXFileReference; lastKnownFileType = sourcecode.swift; path = Score.swift; sourceTree = "<group>"; };
		56D5AE68223BCA3F0072397C /* TabVC.swift */ = {isa = PBXFileReference; lastKnownFileType = sourcecode.swift; path = TabVC.swift; sourceTree = "<group>"; };
		56D5AE6A223BD1160072397C /* Profile.swift */ = {isa = PBXFileReference; lastKnownFileType = sourcecode.swift; path = Profile.swift; sourceTree = "<group>"; };
		6EAC5B5F3FA7355A36D32F06 /* Pods-MoyoonUITests.release.xcconfig */ = {isa = PBXFileReference; includeInIndex = 1; lastKnownFileType = text.xcconfig; name = "Pods-MoyoonUITests.release.xcconfig"; path = "Pods/Target Support Files/Pods-MoyoonUITests/Pods-MoyoonUITests.release.xcconfig"; sourceTree = "<group>"; };
		961ACCD121B1B44A005E252E /* Moyoon.app */ = {isa = PBXFileReference; explicitFileType = wrapper.application; includeInIndex = 0; path = Moyoon.app; sourceTree = BUILT_PRODUCTS_DIR; };
		961ACCD421B1B44A005E252E /* AppDelegate.swift */ = {isa = PBXFileReference; lastKnownFileType = sourcecode.swift; path = AppDelegate.swift; sourceTree = "<group>"; };
		961ACCD621B1B44A005E252E /* ViewController.swift */ = {isa = PBXFileReference; lastKnownFileType = sourcecode.swift; path = ViewController.swift; sourceTree = "<group>"; };
		961ACCD921B1B44A005E252E /* Base */ = {isa = PBXFileReference; lastKnownFileType = file.storyboard; name = Base; path = Base.lproj/Main.storyboard; sourceTree = "<group>"; };
		961ACCDB21B1B44B005E252E /* Assets.xcassets */ = {isa = PBXFileReference; lastKnownFileType = folder.assetcatalog; path = Assets.xcassets; sourceTree = "<group>"; };
		961ACCDE21B1B44B005E252E /* Base */ = {isa = PBXFileReference; lastKnownFileType = file.storyboard; name = Base; path = Base.lproj/LaunchScreen.storyboard; sourceTree = "<group>"; };
		961ACCE021B1B44B005E252E /* Info.plist */ = {isa = PBXFileReference; lastKnownFileType = text.plist.xml; path = Info.plist; sourceTree = "<group>"; };
		961ACCE521B1B44B005E252E /* MoyoonTests.xctest */ = {isa = PBXFileReference; explicitFileType = wrapper.cfbundle; includeInIndex = 0; path = MoyoonTests.xctest; sourceTree = BUILT_PRODUCTS_DIR; };
		961ACCE921B1B44B005E252E /* MoyoonTests.swift */ = {isa = PBXFileReference; lastKnownFileType = sourcecode.swift; path = MoyoonTests.swift; sourceTree = "<group>"; };
		961ACCEB21B1B44B005E252E /* Info.plist */ = {isa = PBXFileReference; lastKnownFileType = text.plist.xml; path = Info.plist; sourceTree = "<group>"; };
		961ACCF021B1B44B005E252E /* MoyoonUITests.xctest */ = {isa = PBXFileReference; explicitFileType = wrapper.cfbundle; includeInIndex = 0; path = MoyoonUITests.xctest; sourceTree = BUILT_PRODUCTS_DIR; };
		961ACCF421B1B44B005E252E /* MoyoonUITests.swift */ = {isa = PBXFileReference; lastKnownFileType = sourcecode.swift; path = MoyoonUITests.swift; sourceTree = "<group>"; };
		961ACCF621B1B44B005E252E /* Info.plist */ = {isa = PBXFileReference; lastKnownFileType = text.plist.xml; path = Info.plist; sourceTree = "<group>"; };
		9643548921B5C9FD00619CCB /* ItemCell.swift */ = {isa = PBXFileReference; fileEncoding = 4; lastKnownFileType = sourcecode.swift; path = ItemCell.swift; sourceTree = "<group>"; };
		9643548B21B5CA0400619CCB /* ItemCell.xib */ = {isa = PBXFileReference; fileEncoding = 4; lastKnownFileType = file.xib; path = ItemCell.xib; sourceTree = "<group>"; };
		9644D2B921B6BFEA00362499 /* en */ = {isa = PBXFileReference; lastKnownFileType = text.plist.strings; name = en; path = en.lproj/Main.strings; sourceTree = "<group>"; };
		9644D2BC21B6C15A00362499 /* ar */ = {isa = PBXFileReference; lastKnownFileType = text.plist.strings; name = ar; path = ar.lproj/Main.strings; sourceTree = "<group>"; };
		9644D2BD21B6C15B00362499 /* ar */ = {isa = PBXFileReference; lastKnownFileType = text.plist.strings; name = ar; path = ar.lproj/LaunchScreen.strings; sourceTree = "<group>"; };
		9669A17221B440D0000513D4 /* GlobalVariables.swift */ = {isa = PBXFileReference; lastKnownFileType = sourcecode.swift; path = GlobalVariables.swift; sourceTree = "<group>"; };
		96C4921E21B1A5E6008DB0B9 /* GoogleService-Info.plist */ = {isa = PBXFileReference; fileEncoding = 4; lastKnownFileType = text.plist.xml; path = "GoogleService-Info.plist"; sourceTree = SOURCE_ROOT; };
		A11A0F4F220DAC4300EF8CF5 /* Rectangle-submit.png */ = {isa = PBXFileReference; lastKnownFileType = image.png; path = "Rectangle-submit.png"; sourceTree = "<group>"; };
		A1569C9E21B4A1430023D595 /* Lobby.swift */ = {isa = PBXFileReference; fileEncoding = 4; lastKnownFileType = sourcecode.swift; path = Lobby.swift; sourceTree = "<group>"; };
		A16AFFD321B18D4000B5255A /* Homepage.swift */ = {isa = PBXFileReference; lastKnownFileType = sourcecode.swift; path = Homepage.swift; sourceTree = "<group>"; };
		A16AFFD521B18F0400B5255A /* WriteAnswer.swift */ = {isa = PBXFileReference; lastKnownFileType = sourcecode.swift; path = WriteAnswer.swift; sourceTree = "<group>"; };
		A16AFFD721B1901B00B5255A /* ChooseAnswer.swift */ = {isa = PBXFileReference; lastKnownFileType = sourcecode.swift; path = ChooseAnswer.swift; sourceTree = "<group>"; };
		A19AFA852210FA1500DE301C /* Rectangle-JoinRandom.png */ = {isa = PBXFileReference; lastKnownFileType = image.png; path = "Rectangle-JoinRandom.png"; sourceTree = "<group>"; };
		A19FDB032255CE0600526E19 /* Rectangle-Home.png */ = {isa = PBXFileReference; lastKnownFileType = image.png; path = "Rectangle-Home.png"; sourceTree = "<group>"; };
		A19FDB042255CE0700526E19 /* Rectangle-Leave.png */ = {isa = PBXFileReference; lastKnownFileType = image.png; path = "Rectangle-Leave.png"; sourceTree = "<group>"; };
		A1AA922A2251CB2F00A1B7BC /* Rectangle-Join-Random.png */ = {isa = PBXFileReference; lastKnownFileType = image.png; path = "Rectangle-Join-Random.png"; sourceTree = "<group>"; };
		A1AA922C2251CD5F00A1B7BC /* Rectangle-Signout.png */ = {isa = PBXFileReference; lastKnownFileType = image.png; path = "Rectangle-Signout.png"; sourceTree = "<group>"; };
		A1C61EC6220DBEA2007A69B8 /* Rectangle-Join.png */ = {isa = PBXFileReference; lastKnownFileType = image.png; path = "Rectangle-Join.png"; sourceTree = "<group>"; };
		A1C61EC8220DBF43007A69B8 /* Rectangle-Login2.png */ = {isa = PBXFileReference; lastKnownFileType = image.png; path = "Rectangle-Login2.png"; sourceTree = "<group>"; };
		A1D66F0522088FD2004045E0 /* MoyoonLogo.png */ = {isa = PBXFileReference; lastKnownFileType = image.png; path = MoyoonLogo.png; sourceTree = "<group>"; };
		A1DBDEE3225A955A008FFBA5 /* Log-in.png */ = {isa = PBXFileReference; lastKnownFileType = image.png; path = "Log-in.png"; sourceTree = "<group>"; };
		A1DBDEE5225A9652008FFBA5 /* JOIN.png */ = {isa = PBXFileReference; lastKnownFileType = image.png; path = JOIN.png; sourceTree = "<group>"; };
		A1DBDEE6225A9653008FFBA5 /* SIGN-OUT.png */ = {isa = PBXFileReference; lastKnownFileType = image.png; path = "SIGN-OUT.png"; sourceTree = "<group>"; };
		A1DBDEE7225A9653008FFBA5 /* FIND-GAME.png */ = {isa = PBXFileReference; lastKnownFileType = image.png; path = "FIND-GAME.png"; sourceTree = "<group>"; };
		A1DBDEEF225AA2F7008FFBA5 /* WHITE_LOGO.png */ = {isa = PBXFileReference; lastKnownFileType = image.png; name = WHITE_LOGO.png; path = "../../../../../New Buttons/WHITE_LOGO.png"; sourceTree = "<group>"; };
		A1DBDEF1225AC33F008FFBA5 /* HOME.png */ = {isa = PBXFileReference; lastKnownFileType = image.png; path = HOME.png; sourceTree = "<group>"; };
		A1DBDEF2225AC340008FFBA5 /* LEAVE.png */ = {isa = PBXFileReference; lastKnownFileType = image.png; path = LEAVE.png; sourceTree = "<group>"; };
		A1DBDEF3225AC340008FFBA5 /* SUBMIT.png */ = {isa = PBXFileReference; lastKnownFileType = image.png; path = SUBMIT.png; sourceTree = "<group>"; };
		A1E91F8D21B1AB8E008AB3B3 /* Question.swift */ = {isa = PBXFileReference; lastKnownFileType = sourcecode.swift; path = Question.swift; sourceTree = "<group>"; };
		B9F6E09395408E6E653757E7 /* Pods_MoyoonTests.framework */ = {isa = PBXFileReference; explicitFileType = wrapper.framework; includeInIndex = 0; path = Pods_MoyoonTests.framework; sourceTree = BUILT_PRODUCTS_DIR; };
		BE33C0C141F76C19726B0CA5 /* Pods-MoyoonTests.debug.xcconfig */ = {isa = PBXFileReference; includeInIndex = 1; lastKnownFileType = text.xcconfig; name = "Pods-MoyoonTests.debug.xcconfig"; path = "Pods/Target Support Files/Pods-MoyoonTests/Pods-MoyoonTests.debug.xcconfig"; sourceTree = "<group>"; };
		D74C15B1B015B2EF4EF1351A /* Pods-MoyoonTests.release.xcconfig */ = {isa = PBXFileReference; includeInIndex = 1; lastKnownFileType = text.xcconfig; name = "Pods-MoyoonTests.release.xcconfig"; path = "Pods/Target Support Files/Pods-MoyoonTests/Pods-MoyoonTests.release.xcconfig"; sourceTree = "<group>"; };
		DE5217D20C3EA959502C6839 /* Pods-Moyoon.debug.xcconfig */ = {isa = PBXFileReference; includeInIndex = 1; lastKnownFileType = text.xcconfig; name = "Pods-Moyoon.debug.xcconfig"; path = "Pods/Target Support Files/Pods-Moyoon/Pods-Moyoon.debug.xcconfig"; sourceTree = "<group>"; };
/* End PBXFileReference section */

/* Begin PBXFrameworksBuildPhase section */
		961ACCCE21B1B44A005E252E /* Frameworks */ = {
			isa = PBXFrameworksBuildPhase;
			buildActionMask = 2147483647;
			files = (
				7477E4FDEF7C262F90BA03C0 /* Pods_Moyoon.framework in Frameworks */,
			);
			runOnlyForDeploymentPostprocessing = 0;
		};
		961ACCE221B1B44B005E252E /* Frameworks */ = {
			isa = PBXFrameworksBuildPhase;
			buildActionMask = 2147483647;
			files = (
				EB423B7210ED8D53BB0CC768 /* Pods_MoyoonTests.framework in Frameworks */,
			);
			runOnlyForDeploymentPostprocessing = 0;
		};
		961ACCED21B1B44B005E252E /* Frameworks */ = {
			isa = PBXFrameworksBuildPhase;
			buildActionMask = 2147483647;
			files = (
				D1E5EFAFDA48E4A4F058F3F9 /* Pods_MoyoonUITests.framework in Frameworks */,
			);
			runOnlyForDeploymentPostprocessing = 0;
		};
/* End PBXFrameworksBuildPhase section */

/* Begin PBXGroup section */
		19D29BDBBD95F7E61C3A6282 /* Pods */ = {
			isa = PBXGroup;
			children = (
				DE5217D20C3EA959502C6839 /* Pods-Moyoon.debug.xcconfig */,
				10FE856DF1E37CF3A5B8B4F0 /* Pods-Moyoon.release.xcconfig */,
				BE33C0C141F76C19726B0CA5 /* Pods-MoyoonTests.debug.xcconfig */,
				D74C15B1B015B2EF4EF1351A /* Pods-MoyoonTests.release.xcconfig */,
				56B7E7B3D97CFEEBC1F0B578 /* Pods-MoyoonUITests.debug.xcconfig */,
				6EAC5B5F3FA7355A36D32F06 /* Pods-MoyoonUITests.release.xcconfig */,
			);
			name = Pods;
			sourceTree = "<group>";
		};
		961ACCC821B1B44A005E252E = {
			isa = PBXGroup;
			children = (
				961ACCD321B1B44A005E252E /* Moyoon */,
				961ACCE821B1B44B005E252E /* MoyoonTests */,
				961ACCF321B1B44B005E252E /* MoyoonUITests */,
				961ACCD221B1B44A005E252E /* Products */,
				19D29BDBBD95F7E61C3A6282 /* Pods */,
				9CCE1687FBC7C6C95940B98D /* Frameworks */,
			);
			sourceTree = "<group>";
		};
		961ACCD221B1B44A005E252E /* Products */ = {
			isa = PBXGroup;
			children = (
				961ACCD121B1B44A005E252E /* Moyoon.app */,
				961ACCE521B1B44B005E252E /* MoyoonTests.xctest */,
				961ACCF021B1B44B005E252E /* MoyoonUITests.xctest */,
			);
			name = Products;
			sourceTree = "<group>";
		};
		961ACCD321B1B44A005E252E /* Moyoon */ = {
			isa = PBXGroup;
			children = (
				56545E94220CFCD000F3A281 /* Moyoon.entitlements */,
				A1B3A5B2220774FA00205447 /* Supporting Files */,
				9643548821B5C91E00619CCB /* ItemCell */,
				A1569C9E21B4A1430023D595 /* Lobby.swift */,
				961ACCD421B1B44A005E252E /* AppDelegate.swift */,
				961ACCD621B1B44A005E252E /* ViewController.swift */,
				96C4921E21B1A5E6008DB0B9 /* GoogleService-Info.plist */,
				961ACCD821B1B44A005E252E /* Main.storyboard */,
				A1E91F8D21B1AB8E008AB3B3 /* Question.swift */,
				A16AFFD721B1901B00B5255A /* ChooseAnswer.swift */,
				A16AFFD521B18F0400B5255A /* WriteAnswer.swift */,
				A16AFFD321B18D4000B5255A /* Homepage.swift */,
				961ACCDB21B1B44B005E252E /* Assets.xcassets */,
				961ACCDD21B1B44B005E252E /* LaunchScreen.storyboard */,
				961ACCE021B1B44B005E252E /* Info.plist */,
				9669A17221B440D0000513D4 /* GlobalVariables.swift */,
				5695AB69220467290029E86F /* Login.swift */,
				56D5AE68223BCA3F0072397C /* TabVC.swift */,
				56D5AE6A223BD1160072397C /* Profile.swift */,
				56D5A4EB223EACCF00AA085F /* User.swift */,
				56D5A4ED223EBAE700AA085F /* Score.swift */,
			);
			path = Moyoon;
			sourceTree = "<group>";
		};
		961ACCE821B1B44B005E252E /* MoyoonTests */ = {
			isa = PBXGroup;
			children = (
				961ACCE921B1B44B005E252E /* MoyoonTests.swift */,
				961ACCEB21B1B44B005E252E /* Info.plist */,
			);
			path = MoyoonTests;
			sourceTree = "<group>";
		};
		961ACCF321B1B44B005E252E /* MoyoonUITests */ = {
			isa = PBXGroup;
			children = (
				961ACCF421B1B44B005E252E /* MoyoonUITests.swift */,
				961ACCF621B1B44B005E252E /* Info.plist */,
			);
			path = MoyoonUITests;
			sourceTree = "<group>";
		};
		9643548821B5C91E00619CCB /* ItemCell */ = {
			isa = PBXGroup;
			children = (
				9643548B21B5CA0400619CCB /* ItemCell.xib */,
				9643548921B5C9FD00619CCB /* ItemCell.swift */,
			);
			path = ItemCell;
			sourceTree = "<group>";
		};
		9CCE1687FBC7C6C95940B98D /* Frameworks */ = {
			isa = PBXGroup;
			children = (
				3EF0D320B3C4528422236BC9 /* Pods_Moyoon.framework */,
				B9F6E09395408E6E653757E7 /* Pods_MoyoonTests.framework */,
				4BAD104A8452C57960A2295E /* Pods_MoyoonUITests.framework */,
			);
			name = Frameworks;
			sourceTree = "<group>";
		};
		A1B3A5B2220774FA00205447 /* Supporting Files */ = {
			isa = PBXGroup;
			children = (
				A1DBDEF1225AC33F008FFBA5 /* HOME.png */,
				A1DBDEF2225AC340008FFBA5 /* LEAVE.png */,
				A1DBDEF3225AC340008FFBA5 /* SUBMIT.png */,
				A1DBDEEF225AA2F7008FFBA5 /* WHITE_LOGO.png */,
				A1DBDEE7225A9653008FFBA5 /* FIND-GAME.png */,
				A1DBDEE5225A9652008FFBA5 /* JOIN.png */,
				A1DBDEE6225A9653008FFBA5 /* SIGN-OUT.png */,
				A1DBDEE3225A955A008FFBA5 /* Log-in.png */,
				A19FDB032255CE0600526E19 /* Rectangle-Home.png */,
				A19FDB042255CE0700526E19 /* Rectangle-Leave.png */,
				A1AA922C2251CD5F00A1B7BC /* Rectangle-Signout.png */,
				A1AA922A2251CB2F00A1B7BC /* Rectangle-Join-Random.png */,
				A19AFA852210FA1500DE301C /* Rectangle-JoinRandom.png */,
				A1C61EC8220DBF43007A69B8 /* Rectangle-Login2.png */,
				A1C61EC6220DBEA2007A69B8 /* Rectangle-Join.png */,
				A11A0F4F220DAC4300EF8CF5 /* Rectangle-submit.png */,
				A1D66F0522088FD2004045E0 /* MoyoonLogo.png */,
			);
			path = "Supporting Files";
			sourceTree = "<group>";
		};
/* End PBXGroup section */

/* Begin PBXNativeTarget section */
		961ACCD021B1B44A005E252E /* Moyoon */ = {
			isa = PBXNativeTarget;
			buildConfigurationList = 961ACCF921B1B44B005E252E /* Build configuration list for PBXNativeTarget "Moyoon" */;
			buildPhases = (
				A6A033EAB3048465EE4DAF6E /* [CP] Check Pods Manifest.lock */,
				961ACCCD21B1B44A005E252E /* Sources */,
				961ACCCE21B1B44A005E252E /* Frameworks */,
				961ACCCF21B1B44A005E252E /* Resources */,
				BD808D58CE4CEA157AF44AAD /* [CP] Embed Pods Frameworks */,
				FEEE682835C1B09EB182FA13 /* [CP] Copy Pods Resources */,
			);
			buildRules = (
			);
			dependencies = (
			);
			name = Moyoon;
			productName = Moyoon;
			productReference = 961ACCD121B1B44A005E252E /* Moyoon.app */;
			productType = "com.apple.product-type.application";
		};
		961ACCE421B1B44B005E252E /* MoyoonTests */ = {
			isa = PBXNativeTarget;
			buildConfigurationList = 961ACCFC21B1B44B005E252E /* Build configuration list for PBXNativeTarget "MoyoonTests" */;
			buildPhases = (
				8C1C4D57C74B49E6816AFAC3 /* [CP] Check Pods Manifest.lock */,
				961ACCE121B1B44B005E252E /* Sources */,
				961ACCE221B1B44B005E252E /* Frameworks */,
				961ACCE321B1B44B005E252E /* Resources */,
			);
			buildRules = (
			);
			dependencies = (
				961ACCE721B1B44B005E252E /* PBXTargetDependency */,
			);
			name = MoyoonTests;
			productName = MoyoonTests;
			productReference = 961ACCE521B1B44B005E252E /* MoyoonTests.xctest */;
			productType = "com.apple.product-type.bundle.unit-test";
		};
		961ACCEF21B1B44B005E252E /* MoyoonUITests */ = {
			isa = PBXNativeTarget;
			buildConfigurationList = 961ACCFF21B1B44B005E252E /* Build configuration list for PBXNativeTarget "MoyoonUITests" */;
			buildPhases = (
				78DDA58140B5E1DCFAC447E5 /* [CP] Check Pods Manifest.lock */,
				961ACCEC21B1B44B005E252E /* Sources */,
				961ACCED21B1B44B005E252E /* Frameworks */,
				961ACCEE21B1B44B005E252E /* Resources */,
			);
			buildRules = (
			);
			dependencies = (
				961ACCF221B1B44B005E252E /* PBXTargetDependency */,
			);
			name = MoyoonUITests;
			productName = MoyoonUITests;
			productReference = 961ACCF021B1B44B005E252E /* MoyoonUITests.xctest */;
			productType = "com.apple.product-type.bundle.ui-testing";
		};
/* End PBXNativeTarget section */

/* Begin PBXProject section */
		961ACCC921B1B44A005E252E /* Project object */ = {
			isa = PBXProject;
			attributes = {
				LastSwiftUpdateCheck = 0940;
				LastUpgradeCheck = 0940;
				ORGANIZATIONNAME = "KFUPM-SWE417";
				TargetAttributes = {
					961ACCD021B1B44A005E252E = {
						CreatedOnToolsVersion = 9.4.1;
						SystemCapabilities = {
							com.apple.Keychain = {
								enabled = 1;
							};
						};
					};
					961ACCE421B1B44B005E252E = {
						CreatedOnToolsVersion = 9.4.1;
						TestTargetID = 961ACCD021B1B44A005E252E;
					};
					961ACCEF21B1B44B005E252E = {
						CreatedOnToolsVersion = 9.4.1;
						TestTargetID = 961ACCD021B1B44A005E252E;
					};
				};
			};
			buildConfigurationList = 961ACCCC21B1B44A005E252E /* Build configuration list for PBXProject "Moyoon" */;
			compatibilityVersion = "Xcode 9.3";
			developmentRegion = en;
			hasScannedForEncodings = 0;
			knownRegions = (
				en,
				Base,
				ar,
			);
			mainGroup = 961ACCC821B1B44A005E252E;
			productRefGroup = 961ACCD221B1B44A005E252E /* Products */;
			projectDirPath = "";
			projectRoot = "";
			targets = (
				961ACCD021B1B44A005E252E /* Moyoon */,
				961ACCE421B1B44B005E252E /* MoyoonTests */,
				961ACCEF21B1B44B005E252E /* MoyoonUITests */,
			);
		};
/* End PBXProject section */

/* Begin PBXResourcesBuildPhase section */
		961ACCCF21B1B44A005E252E /* Resources */ = {
			isa = PBXResourcesBuildPhase;
			buildActionMask = 2147483647;
			files = (
				A19FDB052255CE0700526E19 /* Rectangle-Home.png in Resources */,
				A19FDB062255CE0700526E19 /* Rectangle-Leave.png in Resources */,
				A1DBDEEA225A9653008FFBA5 /* FIND-GAME.png in Resources */,
				961ACCDF21B1B44B005E252E /* LaunchScreen.storyboard in Resources */,
				A1DBDEF5225AC340008FFBA5 /* LEAVE.png in Resources */,
				A1D66F0622088FD3004045E0 /* MoyoonLogo.png in Resources */,
				A1C61EC7220DBEA2007A69B8 /* Rectangle-Join.png in Resources */,
				A1AA922D2251CD5F00A1B7BC /* Rectangle-Signout.png in Resources */,
				A1DBDEE9225A9653008FFBA5 /* SIGN-OUT.png in Resources */,
				A1DBDEE4225A955A008FFBA5 /* Log-in.png in Resources */,
				A1C61EC9220DBF43007A69B8 /* Rectangle-Login2.png in Resources */,
				A19AFA862210FA1500DE301C /* Rectangle-JoinRandom.png in Resources */,
				A11A0F50220DAC4300EF8CF5 /* Rectangle-submit.png in Resources */,
				A1DBDEF6225AC340008FFBA5 /* SUBMIT.png in Resources */,
				A1DBDEF4225AC340008FFBA5 /* HOME.png in Resources */,
				96C4921F21B1A5E6008DB0B9 /* GoogleService-Info.plist in Resources */,
				A1DBDEE8225A9653008FFBA5 /* JOIN.png in Resources */,
				A1DBDEF0225AA2F7008FFBA5 /* WHITE_LOGO.png in Resources */,
				9643548C21B5CA0400619CCB /* ItemCell.xib in Resources */,
				961ACCDC21B1B44B005E252E /* Assets.xcassets in Resources */,
				961ACCDA21B1B44A005E252E /* Main.storyboard in Resources */,
				A1AA922B2251CB2F00A1B7BC /* Rectangle-Join-Random.png in Resources */,
			);
			runOnlyForDeploymentPostprocessing = 0;
		};
		961ACCE321B1B44B005E252E /* Resources */ = {
			isa = PBXResourcesBuildPhase;
			buildActionMask = 2147483647;
			files = (
			);
			runOnlyForDeploymentPostprocessing = 0;
		};
		961ACCEE21B1B44B005E252E /* Resources */ = {
			isa = PBXResourcesBuildPhase;
			buildActionMask = 2147483647;
			files = (
			);
			runOnlyForDeploymentPostprocessing = 0;
		};
/* End PBXResourcesBuildPhase section */

/* Begin PBXShellScriptBuildPhase section */
		78DDA58140B5E1DCFAC447E5 /* [CP] Check Pods Manifest.lock */ = {
			isa = PBXShellScriptBuildPhase;
			buildActionMask = 2147483647;
			files = (
			);
			inputPaths = (
				"${PODS_PODFILE_DIR_PATH}/Podfile.lock",
				"${PODS_ROOT}/Manifest.lock",
			);
			name = "[CP] Check Pods Manifest.lock";
			outputPaths = (
				"$(DERIVED_FILE_DIR)/Pods-MoyoonUITests-checkManifestLockResult.txt",
			);
			runOnlyForDeploymentPostprocessing = 0;
			shellPath = /bin/sh;
			shellScript = "diff \"${PODS_PODFILE_DIR_PATH}/Podfile.lock\" \"${PODS_ROOT}/Manifest.lock\" > /dev/null\nif [ $? != 0 ] ; then\n    # print error to STDERR\n    echo \"error: The sandbox is not in sync with the Podfile.lock. Run 'pod install' or update your CocoaPods installation.\" >&2\n    exit 1\nfi\n# This output is used by Xcode 'outputs' to avoid re-running this script phase.\necho \"SUCCESS\" > \"${SCRIPT_OUTPUT_FILE_0}\"\n";
			showEnvVarsInLog = 0;
		};
		8C1C4D57C74B49E6816AFAC3 /* [CP] Check Pods Manifest.lock */ = {
			isa = PBXShellScriptBuildPhase;
			buildActionMask = 2147483647;
			files = (
			);
			inputPaths = (
				"${PODS_PODFILE_DIR_PATH}/Podfile.lock",
				"${PODS_ROOT}/Manifest.lock",
			);
			name = "[CP] Check Pods Manifest.lock";
			outputPaths = (
				"$(DERIVED_FILE_DIR)/Pods-MoyoonTests-checkManifestLockResult.txt",
			);
			runOnlyForDeploymentPostprocessing = 0;
			shellPath = /bin/sh;
			shellScript = "diff \"${PODS_PODFILE_DIR_PATH}/Podfile.lock\" \"${PODS_ROOT}/Manifest.lock\" > /dev/null\nif [ $? != 0 ] ; then\n    # print error to STDERR\n    echo \"error: The sandbox is not in sync with the Podfile.lock. Run 'pod install' or update your CocoaPods installation.\" >&2\n    exit 1\nfi\n# This output is used by Xcode 'outputs' to avoid re-running this script phase.\necho \"SUCCESS\" > \"${SCRIPT_OUTPUT_FILE_0}\"\n";
			showEnvVarsInLog = 0;
		};
		A6A033EAB3048465EE4DAF6E /* [CP] Check Pods Manifest.lock */ = {
			isa = PBXShellScriptBuildPhase;
			buildActionMask = 2147483647;
			files = (
			);
			inputPaths = (
				"${PODS_PODFILE_DIR_PATH}/Podfile.lock",
				"${PODS_ROOT}/Manifest.lock",
			);
			name = "[CP] Check Pods Manifest.lock";
			outputPaths = (
				"$(DERIVED_FILE_DIR)/Pods-Moyoon-checkManifestLockResult.txt",
			);
			runOnlyForDeploymentPostprocessing = 0;
			shellPath = /bin/sh;
			shellScript = "diff \"${PODS_PODFILE_DIR_PATH}/Podfile.lock\" \"${PODS_ROOT}/Manifest.lock\" > /dev/null\nif [ $? != 0 ] ; then\n    # print error to STDERR\n    echo \"error: The sandbox is not in sync with the Podfile.lock. Run 'pod install' or update your CocoaPods installation.\" >&2\n    exit 1\nfi\n# This output is used by Xcode 'outputs' to avoid re-running this script phase.\necho \"SUCCESS\" > \"${SCRIPT_OUTPUT_FILE_0}\"\n";
			showEnvVarsInLog = 0;
		};
		BD808D58CE4CEA157AF44AAD /* [CP] Embed Pods Frameworks */ = {
			isa = PBXShellScriptBuildPhase;
			buildActionMask = 2147483647;
			files = (
			);
			inputPaths = (
				"${SRCROOT}/Pods/Target Support Files/Pods-Moyoon/Pods-Moyoon-frameworks.sh",
				"${BUILT_PRODUCTS_DIR}/Alamofire/Alamofire.framework",
				"${BUILT_PRODUCTS_DIR}/Bolts/Bolts.framework",
				"${BUILT_PRODUCTS_DIR}/BoringSSL/openssl.framework",
				"${BUILT_PRODUCTS_DIR}/FBSDKCoreKit/FBSDKCoreKit.framework",
				"${BUILT_PRODUCTS_DIR}/FBSDKLoginKit/FBSDKLoginKit.framework",
				"${BUILT_PRODUCTS_DIR}/GTMSessionFetcher/GTMSessionFetcher.framework",
				"${BUILT_PRODUCTS_DIR}/GoogleToolboxForMac/GoogleToolboxForMac.framework",
				"${BUILT_PRODUCTS_DIR}/GoogleUtilities/GoogleUtilities.framework",
				"${BUILT_PRODUCTS_DIR}/Protobuf/Protobuf.framework",
				"${BUILT_PRODUCTS_DIR}/SDWebImage/SDWebImage.framework",
				"${PODS_ROOT}/TwitterCore/iOS/TwitterCore.framework",
				"${PODS_ROOT}/TwitterKit/iOS/TwitterKit.framework",
				"${BUILT_PRODUCTS_DIR}/gRPC/GRPCClient.framework",
				"${BUILT_PRODUCTS_DIR}/gRPC-C++/grpcpp.framework",
				"${BUILT_PRODUCTS_DIR}/gRPC-Core/grpc.framework",
				"${BUILT_PRODUCTS_DIR}/gRPC-ProtoRPC/ProtoRPC.framework",
				"${BUILT_PRODUCTS_DIR}/gRPC-RxLibrary/RxLibrary.framework",
				"${BUILT_PRODUCTS_DIR}/leveldb-library/leveldb.framework",
				"${BUILT_PRODUCTS_DIR}/nanopb/nanopb.framework",
			);
			name = "[CP] Embed Pods Frameworks";
			outputPaths = (
				"${TARGET_BUILD_DIR}/${FRAMEWORKS_FOLDER_PATH}/Alamofire.framework",
				"${TARGET_BUILD_DIR}/${FRAMEWORKS_FOLDER_PATH}/Bolts.framework",
				"${TARGET_BUILD_DIR}/${FRAMEWORKS_FOLDER_PATH}/openssl.framework",
				"${TARGET_BUILD_DIR}/${FRAMEWORKS_FOLDER_PATH}/FBSDKCoreKit.framework",
				"${TARGET_BUILD_DIR}/${FRAMEWORKS_FOLDER_PATH}/FBSDKLoginKit.framework",
				"${TARGET_BUILD_DIR}/${FRAMEWORKS_FOLDER_PATH}/GTMSessionFetcher.framework",
				"${TARGET_BUILD_DIR}/${FRAMEWORKS_FOLDER_PATH}/GoogleToolboxForMac.framework",
				"${TARGET_BUILD_DIR}/${FRAMEWORKS_FOLDER_PATH}/GoogleUtilities.framework",
				"${TARGET_BUILD_DIR}/${FRAMEWORKS_FOLDER_PATH}/Protobuf.framework",
				"${TARGET_BUILD_DIR}/${FRAMEWORKS_FOLDER_PATH}/SDWebImage.framework",
				"${TARGET_BUILD_DIR}/${FRAMEWORKS_FOLDER_PATH}/TwitterCore.framework",
				"${TARGET_BUILD_DIR}/${FRAMEWORKS_FOLDER_PATH}/TwitterKit.framework",
				"${TARGET_BUILD_DIR}/${FRAMEWORKS_FOLDER_PATH}/GRPCClient.framework",
				"${TARGET_BUILD_DIR}/${FRAMEWORKS_FOLDER_PATH}/grpcpp.framework",
				"${TARGET_BUILD_DIR}/${FRAMEWORKS_FOLDER_PATH}/grpc.framework",
				"${TARGET_BUILD_DIR}/${FRAMEWORKS_FOLDER_PATH}/ProtoRPC.framework",
				"${TARGET_BUILD_DIR}/${FRAMEWORKS_FOLDER_PATH}/RxLibrary.framework",
				"${TARGET_BUILD_DIR}/${FRAMEWORKS_FOLDER_PATH}/leveldb.framework",
				"${TARGET_BUILD_DIR}/${FRAMEWORKS_FOLDER_PATH}/nanopb.framework",
			);
			runOnlyForDeploymentPostprocessing = 0;
			shellPath = /bin/sh;
			shellScript = "\"${SRCROOT}/Pods/Target Support Files/Pods-Moyoon/Pods-Moyoon-frameworks.sh\"\n";
			showEnvVarsInLog = 0;
		};
		FEEE682835C1B09EB182FA13 /* [CP] Copy Pods Resources */ = {
			isa = PBXShellScriptBuildPhase;
			buildActionMask = 2147483647;
			files = (
			);
			inputFileListPaths = (
			);
			inputPaths = (
				"${SRCROOT}/Pods/Target Support Files/Pods-Moyoon/Pods-Moyoon-resources.sh",
				"${PODS_CONFIGURATION_BUILD_DIR}/FirebaseUI/FirebaseAnonymousAuthUI.bundle",
				"${PODS_CONFIGURATION_BUILD_DIR}/FirebaseUI/FirebaseAuthUI.bundle",
				"${PODS_CONFIGURATION_BUILD_DIR}/FirebaseUI/FirebaseEmailAuthUI.bundle",
				"${PODS_CONFIGURATION_BUILD_DIR}/FirebaseUI/FirebaseFacebookAuthUI.bundle",
				"${PODS_CONFIGURATION_BUILD_DIR}/FirebaseUI/FirebaseGoogleAuthUI.bundle",
				"${PODS_CONFIGURATION_BUILD_DIR}/FirebaseUI/FirebasePhoneAuthUI.bundle",
				"${PODS_CONFIGURATION_BUILD_DIR}/FirebaseUI/FirebaseTwitterAuthUI.bundle",
				"${PODS_ROOT}/GoogleSignIn/Resources/GoogleSignIn.bundle",
				"${PODS_ROOT}/TwitterKit/iOS/TwitterKit.framework/TwitterKitResources.bundle",
			);
			name = "[CP] Copy Pods Resources";
			outputFileListPaths = (
			);
			outputPaths = (
				"${TARGET_BUILD_DIR}/${UNLOCALIZED_RESOURCES_FOLDER_PATH}/FirebaseAnonymousAuthUI.bundle",
				"${TARGET_BUILD_DIR}/${UNLOCALIZED_RESOURCES_FOLDER_PATH}/FirebaseAuthUI.bundle",
				"${TARGET_BUILD_DIR}/${UNLOCALIZED_RESOURCES_FOLDER_PATH}/FirebaseEmailAuthUI.bundle",
				"${TARGET_BUILD_DIR}/${UNLOCALIZED_RESOURCES_FOLDER_PATH}/FirebaseFacebookAuthUI.bundle",
				"${TARGET_BUILD_DIR}/${UNLOCALIZED_RESOURCES_FOLDER_PATH}/FirebaseGoogleAuthUI.bundle",
				"${TARGET_BUILD_DIR}/${UNLOCALIZED_RESOURCES_FOLDER_PATH}/FirebasePhoneAuthUI.bundle",
				"${TARGET_BUILD_DIR}/${UNLOCALIZED_RESOURCES_FOLDER_PATH}/FirebaseTwitterAuthUI.bundle",
				"${TARGET_BUILD_DIR}/${UNLOCALIZED_RESOURCES_FOLDER_PATH}/GoogleSignIn.bundle",
				"${TARGET_BUILD_DIR}/${UNLOCALIZED_RESOURCES_FOLDER_PATH}/TwitterKitResources.bundle",
			);
			runOnlyForDeploymentPostprocessing = 0;
			shellPath = /bin/sh;
			shellScript = "\"${SRCROOT}/Pods/Target Support Files/Pods-Moyoon/Pods-Moyoon-resources.sh\"\n";
			showEnvVarsInLog = 0;
		};
/* End PBXShellScriptBuildPhase section */

/* Begin PBXSourcesBuildPhase section */
		961ACCCD21B1B44A005E252E /* Sources */ = {
			isa = PBXSourcesBuildPhase;
			buildActionMask = 2147483647;
			files = (
				56D5A4EE223EBAE700AA085F /* Score.swift in Sources */,
				56D5A4EC223EACCF00AA085F /* User.swift in Sources */,
				A16AFFD421B18D4000B5255A /* Homepage.swift in Sources */,
				56D5AE6B223BD1160072397C /* Profile.swift in Sources */,
				5695AB6A220467290029E86F /* Login.swift in Sources */,
				56D5AE69223BCA3F0072397C /* TabVC.swift in Sources */,
				961ACCD721B1B44A005E252E /* ViewController.swift in Sources */,
				9643548A21B5C9FD00619CCB /* ItemCell.swift in Sources */,
				961ACCD521B1B44A005E252E /* AppDelegate.swift in Sources */,
				A1E91F8E21B1AB8E008AB3B3 /* Question.swift in Sources */,
				9669A17321B440D0000513D4 /* GlobalVariables.swift in Sources */,
				A16AFFD821B1901B00B5255A /* ChooseAnswer.swift in Sources */,
				A1569C9F21B4A1430023D595 /* Lobby.swift in Sources */,
				A16AFFD621B18F0400B5255A /* WriteAnswer.swift in Sources */,
			);
			runOnlyForDeploymentPostprocessing = 0;
		};
		961ACCE121B1B44B005E252E /* Sources */ = {
			isa = PBXSourcesBuildPhase;
			buildActionMask = 2147483647;
			files = (
				961ACCEA21B1B44B005E252E /* MoyoonTests.swift in Sources */,
			);
			runOnlyForDeploymentPostprocessing = 0;
		};
		961ACCEC21B1B44B005E252E /* Sources */ = {
			isa = PBXSourcesBuildPhase;
			buildActionMask = 2147483647;
			files = (
				961ACCF521B1B44B005E252E /* MoyoonUITests.swift in Sources */,
			);
			runOnlyForDeploymentPostprocessing = 0;
		};
/* End PBXSourcesBuildPhase section */

/* Begin PBXTargetDependency section */
		961ACCE721B1B44B005E252E /* PBXTargetDependency */ = {
			isa = PBXTargetDependency;
			target = 961ACCD021B1B44A005E252E /* Moyoon */;
			targetProxy = 961ACCE621B1B44B005E252E /* PBXContainerItemProxy */;
		};
		961ACCF221B1B44B005E252E /* PBXTargetDependency */ = {
			isa = PBXTargetDependency;
			target = 961ACCD021B1B44A005E252E /* Moyoon */;
			targetProxy = 961ACCF121B1B44B005E252E /* PBXContainerItemProxy */;
		};
/* End PBXTargetDependency section */

/* Begin PBXVariantGroup section */
		961ACCD821B1B44A005E252E /* Main.storyboard */ = {
			isa = PBXVariantGroup;
			children = (
				961ACCD921B1B44A005E252E /* Base */,
				9644D2B921B6BFEA00362499 /* en */,
				9644D2BC21B6C15A00362499 /* ar */,
			);
			name = Main.storyboard;
			sourceTree = "<group>";
		};
		961ACCDD21B1B44B005E252E /* LaunchScreen.storyboard */ = {
			isa = PBXVariantGroup;
			children = (
				961ACCDE21B1B44B005E252E /* Base */,
				9644D2BD21B6C15B00362499 /* ar */,
			);
			name = LaunchScreen.storyboard;
			sourceTree = "<group>";
		};
/* End PBXVariantGroup section */

/* Begin XCBuildConfiguration section */
		961ACCF721B1B44B005E252E /* Debug */ = {
			isa = XCBuildConfiguration;
			buildSettings = {
				ALWAYS_SEARCH_USER_PATHS = NO;
				CLANG_ANALYZER_LOCALIZABILITY_NONLOCALIZED = YES;
				CLANG_ANALYZER_NONNULL = YES;
				CLANG_ANALYZER_NUMBER_OBJECT_CONVERSION = YES_AGGRESSIVE;
				CLANG_CXX_LANGUAGE_STANDARD = "gnu++14";
				CLANG_CXX_LIBRARY = "libc++";
				CLANG_ENABLE_MODULES = YES;
				CLANG_ENABLE_OBJC_ARC = YES;
				CLANG_ENABLE_OBJC_WEAK = YES;
				CLANG_WARN_BLOCK_CAPTURE_AUTORELEASING = YES;
				CLANG_WARN_BOOL_CONVERSION = YES;
				CLANG_WARN_COMMA = YES;
				CLANG_WARN_CONSTANT_CONVERSION = YES;
				CLANG_WARN_DEPRECATED_OBJC_IMPLEMENTATIONS = YES;
				CLANG_WARN_DIRECT_OBJC_ISA_USAGE = YES_ERROR;
				CLANG_WARN_DOCUMENTATION_COMMENTS = YES;
				CLANG_WARN_EMPTY_BODY = YES;
				CLANG_WARN_ENUM_CONVERSION = YES;
				CLANG_WARN_INFINITE_RECURSION = YES;
				CLANG_WARN_INT_CONVERSION = YES;
				CLANG_WARN_NON_LITERAL_NULL_CONVERSION = YES;
				CLANG_WARN_OBJC_IMPLICIT_RETAIN_SELF = YES;
				CLANG_WARN_OBJC_LITERAL_CONVERSION = YES;
				CLANG_WARN_OBJC_ROOT_CLASS = YES_ERROR;
				CLANG_WARN_RANGE_LOOP_ANALYSIS = YES;
				CLANG_WARN_STRICT_PROTOTYPES = YES;
				CLANG_WARN_SUSPICIOUS_MOVE = YES;
				CLANG_WARN_UNGUARDED_AVAILABILITY = YES_AGGRESSIVE;
				CLANG_WARN_UNREACHABLE_CODE = YES;
				CLANG_WARN__DUPLICATE_METHOD_MATCH = YES;
				CODE_SIGN_IDENTITY = "iPhone Developer";
				COPY_PHASE_STRIP = NO;
				DEBUG_INFORMATION_FORMAT = dwarf;
				ENABLE_STRICT_OBJC_MSGSEND = YES;
				ENABLE_TESTABILITY = YES;
				GCC_C_LANGUAGE_STANDARD = gnu11;
				GCC_DYNAMIC_NO_PIC = NO;
				GCC_NO_COMMON_BLOCKS = YES;
				GCC_OPTIMIZATION_LEVEL = 0;
				GCC_PREPROCESSOR_DEFINITIONS = (
					"DEBUG=1",
					"$(inherited)",
				);
				GCC_WARN_64_TO_32_BIT_CONVERSION = YES;
				GCC_WARN_ABOUT_RETURN_TYPE = YES_ERROR;
				GCC_WARN_UNDECLARED_SELECTOR = YES;
				GCC_WARN_UNINITIALIZED_AUTOS = YES_AGGRESSIVE;
				GCC_WARN_UNUSED_FUNCTION = YES;
				GCC_WARN_UNUSED_VARIABLE = YES;
				IPHONEOS_DEPLOYMENT_TARGET = 11.4;
				MTL_ENABLE_DEBUG_INFO = YES;
				ONLY_ACTIVE_ARCH = YES;
				SDKROOT = iphoneos;
				SWIFT_ACTIVE_COMPILATION_CONDITIONS = DEBUG;
				SWIFT_OPTIMIZATION_LEVEL = "-Onone";
			};
			name = Debug;
		};
		961ACCF821B1B44B005E252E /* Release */ = {
			isa = XCBuildConfiguration;
			buildSettings = {
				ALWAYS_SEARCH_USER_PATHS = NO;
				CLANG_ANALYZER_LOCALIZABILITY_NONLOCALIZED = YES;
				CLANG_ANALYZER_NONNULL = YES;
				CLANG_ANALYZER_NUMBER_OBJECT_CONVERSION = YES_AGGRESSIVE;
				CLANG_CXX_LANGUAGE_STANDARD = "gnu++14";
				CLANG_CXX_LIBRARY = "libc++";
				CLANG_ENABLE_MODULES = YES;
				CLANG_ENABLE_OBJC_ARC = YES;
				CLANG_ENABLE_OBJC_WEAK = YES;
				CLANG_WARN_BLOCK_CAPTURE_AUTORELEASING = YES;
				CLANG_WARN_BOOL_CONVERSION = YES;
				CLANG_WARN_COMMA = YES;
				CLANG_WARN_CONSTANT_CONVERSION = YES;
				CLANG_WARN_DEPRECATED_OBJC_IMPLEMENTATIONS = YES;
				CLANG_WARN_DIRECT_OBJC_ISA_USAGE = YES_ERROR;
				CLANG_WARN_DOCUMENTATION_COMMENTS = YES;
				CLANG_WARN_EMPTY_BODY = YES;
				CLANG_WARN_ENUM_CONVERSION = YES;
				CLANG_WARN_INFINITE_RECURSION = YES;
				CLANG_WARN_INT_CONVERSION = YES;
				CLANG_WARN_NON_LITERAL_NULL_CONVERSION = YES;
				CLANG_WARN_OBJC_IMPLICIT_RETAIN_SELF = YES;
				CLANG_WARN_OBJC_LITERAL_CONVERSION = YES;
				CLANG_WARN_OBJC_ROOT_CLASS = YES_ERROR;
				CLANG_WARN_RANGE_LOOP_ANALYSIS = YES;
				CLANG_WARN_STRICT_PROTOTYPES = YES;
				CLANG_WARN_SUSPICIOUS_MOVE = YES;
				CLANG_WARN_UNGUARDED_AVAILABILITY = YES_AGGRESSIVE;
				CLANG_WARN_UNREACHABLE_CODE = YES;
				CLANG_WARN__DUPLICATE_METHOD_MATCH = YES;
				CODE_SIGN_IDENTITY = "iPhone Developer";
				COPY_PHASE_STRIP = NO;
				DEBUG_INFORMATION_FORMAT = "dwarf-with-dsym";
				ENABLE_NS_ASSERTIONS = NO;
				ENABLE_STRICT_OBJC_MSGSEND = YES;
				GCC_C_LANGUAGE_STANDARD = gnu11;
				GCC_NO_COMMON_BLOCKS = YES;
				GCC_WARN_64_TO_32_BIT_CONVERSION = YES;
				GCC_WARN_ABOUT_RETURN_TYPE = YES_ERROR;
				GCC_WARN_UNDECLARED_SELECTOR = YES;
				GCC_WARN_UNINITIALIZED_AUTOS = YES_AGGRESSIVE;
				GCC_WARN_UNUSED_FUNCTION = YES;
				GCC_WARN_UNUSED_VARIABLE = YES;
				IPHONEOS_DEPLOYMENT_TARGET = 11.4;
				MTL_ENABLE_DEBUG_INFO = NO;
				SDKROOT = iphoneos;
				SWIFT_COMPILATION_MODE = wholemodule;
				SWIFT_OPTIMIZATION_LEVEL = "-O";
				VALIDATE_PRODUCT = YES;
			};
			name = Release;
		};
		961ACCFA21B1B44B005E252E /* Debug */ = {
			isa = XCBuildConfiguration;
			baseConfigurationReference = DE5217D20C3EA959502C6839 /* Pods-Moyoon.debug.xcconfig */;
			buildSettings = {
				ASSETCATALOG_COMPILER_APPICON_NAME = AppIcon;
				CODE_SIGN_ENTITLEMENTS = Moyoon/Moyoon.entitlements;
				CODE_SIGN_STYLE = Automatic;
				DEVELOPMENT_TEAM = ACL6D84ZYG;
				INFOPLIST_FILE = Moyoon/Info.plist;
				LD_RUNPATH_SEARCH_PATHS = (
					"$(inherited)",
					"@executable_path/Frameworks",
				);
				PRODUCT_BUNDLE_IDENTIFIER = "KFUPM-SWE417.Moyoon";
				PRODUCT_NAME = "$(TARGET_NAME)";
				SWIFT_VERSION = 4.0;
				TARGETED_DEVICE_FAMILY = "1,2";
			};
			name = Debug;
		};
		961ACCFB21B1B44B005E252E /* Release */ = {
			isa = XCBuildConfiguration;
			baseConfigurationReference = 10FE856DF1E37CF3A5B8B4F0 /* Pods-Moyoon.release.xcconfig */;
			buildSettings = {
				ASSETCATALOG_COMPILER_APPICON_NAME = AppIcon;
				CODE_SIGN_ENTITLEMENTS = Moyoon/Moyoon.entitlements;
				CODE_SIGN_STYLE = Automatic;
				DEVELOPMENT_TEAM = ACL6D84ZYG;
				INFOPLIST_FILE = Moyoon/Info.plist;
				LD_RUNPATH_SEARCH_PATHS = (
					"$(inherited)",
					"@executable_path/Frameworks",
				);
				PRODUCT_BUNDLE_IDENTIFIER = "KFUPM-SWE417.Moyoon";
				PRODUCT_NAME = "$(TARGET_NAME)";
				SWIFT_VERSION = 4.0;
				TARGETED_DEVICE_FAMILY = "1,2";
			};
			name = Release;
		};
		961ACCFD21B1B44B005E252E /* Debug */ = {
			isa = XCBuildConfiguration;
			baseConfigurationReference = BE33C0C141F76C19726B0CA5 /* Pods-MoyoonTests.debug.xcconfig */;
			buildSettings = {
				ALWAYS_EMBED_SWIFT_STANDARD_LIBRARIES = YES;
				BUNDLE_LOADER = "$(TEST_HOST)";
				CODE_SIGN_STYLE = Automatic;
				DEVELOPMENT_TEAM = ACL6D84ZYG;
				INFOPLIST_FILE = MoyoonTests/Info.plist;
				LD_RUNPATH_SEARCH_PATHS = (
					"$(inherited)",
					"@executable_path/Frameworks",
					"@loader_path/Frameworks",
				);
				PRODUCT_BUNDLE_IDENTIFIER = "KFUPM-SWE417.MoyoonTests";
				PRODUCT_NAME = "$(TARGET_NAME)";
				SWIFT_VERSION = 4.0;
				TARGETED_DEVICE_FAMILY = "1,2";
				TEST_HOST = "$(BUILT_PRODUCTS_DIR)/Moyoon.app/Moyoon";
			};
			name = Debug;
		};
		961ACCFE21B1B44B005E252E /* Release */ = {
			isa = XCBuildConfiguration;
			baseConfigurationReference = D74C15B1B015B2EF4EF1351A /* Pods-MoyoonTests.release.xcconfig */;
			buildSettings = {
				ALWAYS_EMBED_SWIFT_STANDARD_LIBRARIES = YES;
				BUNDLE_LOADER = "$(TEST_HOST)";
				CODE_SIGN_STYLE = Automatic;
				DEVELOPMENT_TEAM = ACL6D84ZYG;
				INFOPLIST_FILE = MoyoonTests/Info.plist;
				LD_RUNPATH_SEARCH_PATHS = (
					"$(inherited)",
					"@executable_path/Frameworks",
					"@loader_path/Frameworks",
				);
				PRODUCT_BUNDLE_IDENTIFIER = "KFUPM-SWE417.MoyoonTests";
				PRODUCT_NAME = "$(TARGET_NAME)";
				SWIFT_VERSION = 4.0;
				TARGETED_DEVICE_FAMILY = "1,2";
				TEST_HOST = "$(BUILT_PRODUCTS_DIR)/Moyoon.app/Moyoon";
			};
			name = Release;
		};
		961ACD0021B1B44B005E252E /* Debug */ = {
			isa = XCBuildConfiguration;
			baseConfigurationReference = 56B7E7B3D97CFEEBC1F0B578 /* Pods-MoyoonUITests.debug.xcconfig */;
			buildSettings = {
				ALWAYS_EMBED_SWIFT_STANDARD_LIBRARIES = YES;
				CODE_SIGN_STYLE = Automatic;
				DEVELOPMENT_TEAM = ACL6D84ZYG;
				INFOPLIST_FILE = MoyoonUITests/Info.plist;
				LD_RUNPATH_SEARCH_PATHS = (
					"$(inherited)",
					"@executable_path/Frameworks",
					"@loader_path/Frameworks",
				);
				PRODUCT_BUNDLE_IDENTIFIER = "KFUPM-SWE417.MoyoonUITests";
				PRODUCT_NAME = "$(TARGET_NAME)";
				SWIFT_VERSION = 4.0;
				TARGETED_DEVICE_FAMILY = "1,2";
				TEST_TARGET_NAME = Moyoon;
			};
			name = Debug;
		};
		961ACD0121B1B44B005E252E /* Release */ = {
			isa = XCBuildConfiguration;
			baseConfigurationReference = 6EAC5B5F3FA7355A36D32F06 /* Pods-MoyoonUITests.release.xcconfig */;
			buildSettings = {
				ALWAYS_EMBED_SWIFT_STANDARD_LIBRARIES = YES;
				CODE_SIGN_STYLE = Automatic;
				DEVELOPMENT_TEAM = ACL6D84ZYG;
				INFOPLIST_FILE = MoyoonUITests/Info.plist;
				LD_RUNPATH_SEARCH_PATHS = (
					"$(inherited)",
					"@executable_path/Frameworks",
					"@loader_path/Frameworks",
				);
				PRODUCT_BUNDLE_IDENTIFIER = "KFUPM-SWE417.MoyoonUITests";
				PRODUCT_NAME = "$(TARGET_NAME)";
				SWIFT_VERSION = 4.0;
				TARGETED_DEVICE_FAMILY = "1,2";
				TEST_TARGET_NAME = Moyoon;
			};
			name = Release;
		};
/* End XCBuildConfiguration section */

/* Begin XCConfigurationList section */
		961ACCCC21B1B44A005E252E /* Build configuration list for PBXProject "Moyoon" */ = {
			isa = XCConfigurationList;
			buildConfigurations = (
				961ACCF721B1B44B005E252E /* Debug */,
				961ACCF821B1B44B005E252E /* Release */,
			);
			defaultConfigurationIsVisible = 0;
			defaultConfigurationName = Release;
		};
		961ACCF921B1B44B005E252E /* Build configuration list for PBXNativeTarget "Moyoon" */ = {
			isa = XCConfigurationList;
			buildConfigurations = (
				961ACCFA21B1B44B005E252E /* Debug */,
				961ACCFB21B1B44B005E252E /* Release */,
			);
			defaultConfigurationIsVisible = 0;
			defaultConfigurationName = Release;
		};
		961ACCFC21B1B44B005E252E /* Build configuration list for PBXNativeTarget "MoyoonTests" */ = {
			isa = XCConfigurationList;
			buildConfigurations = (
				961ACCFD21B1B44B005E252E /* Debug */,
				961ACCFE21B1B44B005E252E /* Release */,
			);
			defaultConfigurationIsVisible = 0;
			defaultConfigurationName = Release;
		};
		961ACCFF21B1B44B005E252E /* Build configuration list for PBXNativeTarget "MoyoonUITests" */ = {
			isa = XCConfigurationList;
			buildConfigurations = (
				961ACD0021B1B44B005E252E /* Debug */,
				961ACD0121B1B44B005E252E /* Release */,
			);
			defaultConfigurationIsVisible = 0;
			defaultConfigurationName = Release;
		};
/* End XCConfigurationList section */
	};
	rootObject = 961ACCC921B1B44A005E252E /* Project object */;
}
